
Microsoft Visual Studio Solution File, Format Version 12.00
# Visual Studio Version 17
VisualStudioVersion = 17.7.34031.279
MinimumVisualStudioVersion = 10.0.40219.1
Project("{FAE04EC0-301F-11D3-BF4B-00C04F79EFBC}") = "MeetingBook", "MeetingBook\MeetingBook.csproj", "{D87FF02C-C018-4AFB-B354-8EFB7FE95DD7}"
EndProject
Global
	GlobalSection(SolutionConfigurationPlatforms) = preSolution
		Debug|Any CPU = Debug|Any CPU
		Release|Any CPU = Release|Any CPU
	EndGlobalSection
	GlobalSection(ProjectConfigurationPlatforms) = postSolution
		{D87FF02C-C018-4AFB-B354-8EFB7FE95DD7}.Debug|Any CPU.ActiveCfg = Debug|Any CPU
		{D87FF02C-C018-4AFB-B354-8EFB7FE95DD7}.Debug|Any CPU.Build.0 = Debug|Any CPU
		{D87FF02C-C018-4AFB-B354-8EFB7FE95DD7}.Release|Any CPU.ActiveCfg = Release|Any CPU
		{D87FF02C-C018-4AFB-B354-8EFB7FE95DD7}.Release|Any CPU.Build.0 = Release|Any CPU
	EndGlobalSection
	GlobalSection(SolutionProperties) = preSolution
		HideSolutionNode = FALSE
	EndGlobalSection
	GlobalSection(ExtensibilityGlobals) = postSolution
		SolutionGuid = {130CE324-4E75-4DF4-953A-A8D1F7B18850}
	EndGlobalSection
EndGlobal
